
Microsoft Visual Studio Solution File, Format Version 12.00
# Visual Studio Version 17
VisualStudioVersion = 17.5.33414.496
MinimumVisualStudioVersion = 10.0.40219.1
Project("{FAE04EC0-301F-11D3-BF4B-00C04F79EFBC}") = "WebApplication9", "WebApplication9\WebApplication9.csproj", "{97FDCBAE-213A-4A32-A0BE-9B2170305053}"
EndProject
Global
	GlobalSection(SolutionConfigurationPlatforms) = preSolution
		Debug|Any CPU = Debug|Any CPU
		Release|Any CPU = Release|Any CPU
	EndGlobalSection
	GlobalSection(ProjectConfigurationPlatforms) = postSolution
		{97FDCBAE-213A-4A32-A0BE-9B2170305053}.Debug|Any CPU.ActiveCfg = Debug|Any CPU
		{97FDCBAE-213A-4A32-A0BE-9B2170305053}.Debug|Any CPU.Build.0 = Debug|Any CPU
		{97FDCBAE-213A-4A32-A0BE-9B2170305053}.Release|Any CPU.ActiveCfg = Release|Any CPU
		{97FDCBAE-213A-4A32-A0BE-9B2170305053}.Release|Any CPU.Build.0 = Release|Any CPU
	EndGlobalSection
	GlobalSection(SolutionProperties) = preSolution
		HideSolutionNode = FALSE
	EndGlobalSection
	GlobalSection(ExtensibilityGlobals) = postSolution
		SolutionGuid = {BE4364D2-39BC-46B8-9F2E-774EFC0B9862}
	EndGlobalSection
EndGlobal
